PODS:
  - NMapsGeometry (1.0.1)
  - NMapsMap (3.17.0):
    - NMapsGeometry
  - SnapKit (5.7.1)

DEPENDENCIES:
  - NMapsMap
  - SnapKit

SPEC REPOS:
  trunk:
    - NMapsGeometry
    - NMapsMap
    - SnapKit

SPEC CHECKSUMS:
  NMapsGeometry: 53c573ead66466681cf123f99f698dc8071a4b83
  NMapsMap: a5b909a31b6f3d27a670f6eb2ddc913c38975474
  SnapKit: d612e99e678a2d3b95bf60b0705ed0a35c03484a

PODFILE CHECKSUM: fcdb5ea52cd7dedffe6801319b4df0be6d5133d5

COCOAPODS: 1.12.0
